
Microsoft Visual Studio Solution File, Format Version 12.00
# Visual Studio Version 17
VisualStudioVersion = 17.0.31903.59
MinimumVisualStudioVersion = 10.0.40219.1
Project("{2150E333-8FDC-42A3-9474-1A3956D46DE8}") = "src", "src", "{23F04F7B-E357-41A0-9254-F11E52A105C4}"
EndProject
Project("{2150E333-8FDC-42A3-9474-1A3956D46DE8}") = "docs", "docs", "{8BAEA508-FC10-4589-A341-64A654BD61E8}"
	ProjectSection(SolutionItems) = preProject
		docs\request.http = docs\request.http
		docs\http-client.env.json = docs\http-client.env.json
	EndProjectSection
EndProject
Project("{2150E333-8FDC-42A3-9474-1A3956D46DE8}") = "tests", "tests", "{DC6D1329-880C-492D-A1C2-7082CBFA62F2}"
EndProject
Project("{2150E333-8FDC-42A3-9474-1A3956D46DE8}") = "wiki", "wiki", "{E5F2653F-9A4D-448E-99DD-A7BEFBEFE863}"
	ProjectSection(SolutionItems) = preProject
		docs\wiki\dotnet-tools.md = docs\wiki\dotnet-tools.md
		docs\wiki\repr-pattern.md = docs\wiki\repr-pattern.md
		docs\wiki\vertical-slices.md = docs\wiki\vertical-slices.md
	EndProjectSection
EndProject
Project("{FAE04EC0-301F-11D3-BF4B-00C04F79EFBC}") = "BabySounds.Client.MediaApi", "src\Client.MediaApi\BabySounds.Client.MediaApi.csproj", "{9ACADFC4-6C21-4A41-9671-0092CD96E6C6}"
EndProject
Project("{FAE04EC0-301F-11D3-BF4B-00C04F79EFBC}") = "BabySounds.Client", "src\Client\BabySounds.Client.csproj", "{B5863F29-AADE-48F8-8FB9-77BBD7DFA74E}"
EndProject
Project("{FAE04EC0-301F-11D3-BF4B-00C04F79EFBC}") = "BabySounds.Contracts", "src\Contracts\BabySounds.Contracts.csproj", "{2AFCC3FB-E5C9-45A5-89E6-9A920BBEFCCB}"
EndProject
Project("{FAE04EC0-301F-11D3-BF4B-00C04F79EFBC}") = "BabySounds.Server", "src\Server\BabySounds.Server.csproj", "{9033B94E-2009-425F-9C6A-1582432CB207}"
EndProject
Global
	GlobalSection(SolutionConfigurationPlatforms) = preSolution
		Debug|Any CPU = Debug|Any CPU
		Release|Any CPU = Release|Any CPU
	EndGlobalSection
	GlobalSection(SolutionProperties) = preSolution
		HideSolutionNode = FALSE
	EndGlobalSection
	GlobalSection(ProjectConfigurationPlatforms) = postSolution
		{9ACADFC4-6C21-4A41-9671-0092CD96E6C6}.Debug|Any CPU.ActiveCfg = Debug|Any CPU
		{9ACADFC4-6C21-4A41-9671-0092CD96E6C6}.Debug|Any CPU.Build.0 = Debug|Any CPU
		{9ACADFC4-6C21-4A41-9671-0092CD96E6C6}.Release|Any CPU.ActiveCfg = Release|Any CPU
		{9ACADFC4-6C21-4A41-9671-0092CD96E6C6}.Release|Any CPU.Build.0 = Release|Any CPU
		{B5863F29-AADE-48F8-8FB9-77BBD7DFA74E}.Debug|Any CPU.ActiveCfg = Debug|Any CPU
		{B5863F29-AADE-48F8-8FB9-77BBD7DFA74E}.Debug|Any CPU.Build.0 = Debug|Any CPU
		{B5863F29-AADE-48F8-8FB9-77BBD7DFA74E}.Release|Any CPU.ActiveCfg = Release|Any CPU
		{B5863F29-AADE-48F8-8FB9-77BBD7DFA74E}.Release|Any CPU.Build.0 = Release|Any CPU
		{2AFCC3FB-E5C9-45A5-89E6-9A920BBEFCCB}.Debug|Any CPU.ActiveCfg = Debug|Any CPU
		{2AFCC3FB-E5C9-45A5-89E6-9A920BBEFCCB}.Debug|Any CPU.Build.0 = Debug|Any CPU
		{2AFCC3FB-E5C9-45A5-89E6-9A920BBEFCCB}.Release|Any CPU.ActiveCfg = Release|Any CPU
		{2AFCC3FB-E5C9-45A5-89E6-9A920BBEFCCB}.Release|Any CPU.Build.0 = Release|Any CPU
		{9033B94E-2009-425F-9C6A-1582432CB207}.Debug|Any CPU.ActiveCfg = Debug|Any CPU
		{9033B94E-2009-425F-9C6A-1582432CB207}.Debug|Any CPU.Build.0 = Debug|Any CPU
		{9033B94E-2009-425F-9C6A-1582432CB207}.Release|Any CPU.ActiveCfg = Release|Any CPU
		{9033B94E-2009-425F-9C6A-1582432CB207}.Release|Any CPU.Build.0 = Release|Any CPU
	EndGlobalSection
	GlobalSection(NestedProjects) = preSolution
		{E5F2653F-9A4D-448E-99DD-A7BEFBEFE863} = {8BAEA508-FC10-4589-A341-64A654BD61E8}
		{9ACADFC4-6C21-4A41-9671-0092CD96E6C6} = {23F04F7B-E357-41A0-9254-F11E52A105C4}
		{B5863F29-AADE-48F8-8FB9-77BBD7DFA74E} = {23F04F7B-E357-41A0-9254-F11E52A105C4}
		{2AFCC3FB-E5C9-45A5-89E6-9A920BBEFCCB} = {23F04F7B-E357-41A0-9254-F11E52A105C4}
		{9033B94E-2009-425F-9C6A-1582432CB207} = {23F04F7B-E357-41A0-9254-F11E52A105C4}
	EndGlobalSection
EndGlobal
