
Microsoft Visual Studio Solution File, Format Version 12.00
# Visual Studio Version 17
VisualStudioVersion = 17.0.31903.59
MinimumVisualStudioVersion = 10.0.40219.1
Project("{2150E333-8FDC-42A3-9474-1A3956D46DE8}") = "src", "src", "{23F04F7B-E357-41A0-9254-F11E52A105C4}"
EndProject
Project("{FAE04EC0-301F-11D3-BF4B-00C04F79EFBC}") = "ADS.BabySleep", "src\ADS.BabySleep\ADS.BabySleep.csproj", "{3A2D1D03-7952-40DE-83D0-21E9502B3060}"
EndProject
Project("{2150E333-8FDC-42A3-9474-1A3956D46DE8}") = "docs", "docs", "{8BAEA508-FC10-4589-A341-64A654BD61E8}"
	ProjectSection(SolutionItems) = preProject
		docs\arch.dio = docs\arch.dio
		docs\spec.yml = docs\spec.yml
		docs\request.http = docs\request.http
		docs\Persona e Jornada do Usuário_Higor_Crisostomo.pdf = docs\Persona e Jornada do Usuário_Higor_Crisostomo.pdf
	EndProjectSection
EndProject
Project("{2150E333-8FDC-42A3-9474-1A3956D46DE8}") = "tests", "tests", "{DC6D1329-880C-492D-A1C2-7082CBFA62F2}"
EndProject
Global
	GlobalSection(SolutionConfigurationPlatforms) = preSolution
		Debug|Any CPU = Debug|Any CPU
		Release|Any CPU = Release|Any CPU
	EndGlobalSection
	GlobalSection(SolutionProperties) = preSolution
		HideSolutionNode = FALSE
	EndGlobalSection
	GlobalSection(ProjectConfigurationPlatforms) = postSolution
		{3A2D1D03-7952-40DE-83D0-21E9502B3060}.Debug|Any CPU.ActiveCfg = Debug|Any CPU
		{3A2D1D03-7952-40DE-83D0-21E9502B3060}.Debug|Any CPU.Build.0 = Debug|Any CPU
		{3A2D1D03-7952-40DE-83D0-21E9502B3060}.Release|Any CPU.ActiveCfg = Release|Any CPU
		{3A2D1D03-7952-40DE-83D0-21E9502B3060}.Release|Any CPU.Build.0 = Release|Any CPU
	EndGlobalSection
	GlobalSection(NestedProjects) = preSolution
		{3A2D1D03-7952-40DE-83D0-21E9502B3060} = {23F04F7B-E357-41A0-9254-F11E52A105C4}
	EndGlobalSection
EndGlobal
